
Microsoft Visual Studio Solution File, Format Version 12.00
# Visual Studio Version 16
VisualStudioVersion = 16.0.29509.3
MinimumVisualStudioVersion = 10.0.40219.1
Project("{FAE04EC0-301F-11D3-BF4B-00C04F79EFBC}") = "FacialRecognitionProject", "FacialRecognitionProject\FacialRecognitionProject.csproj", "{B821080A-534E-420E-9F27-71AB973AE736}"
EndProject
Global
	GlobalSection(SolutionConfigurationPlatforms) = preSolution
		Debug|Any CPU = Debug|Any CPU
		Release|Any CPU = Release|Any CPU
	EndGlobalSection
	GlobalSection(ProjectConfigurationPlatforms) = postSolution
		{B821080A-534E-420E-9F27-71AB973AE736}.Debug|Any CPU.ActiveCfg = Debug|Any CPU
		{B821080A-534E-420E-9F27-71AB973AE736}.Debug|Any CPU.Build.0 = Debug|Any CPU
		{B821080A-534E-420E-9F27-71AB973AE736}.Release|Any CPU.ActiveCfg = Release|Any CPU
		{B821080A-534E-420E-9F27-71AB973AE736}.Release|Any CPU.Build.0 = Release|Any CPU
	EndGlobalSection
	GlobalSection(SolutionProperties) = preSolution
		HideSolutionNode = FALSE
	EndGlobalSection
	GlobalSection(ExtensibilityGlobals) = postSolution
		SolutionGuid = {1ABE138B-079F-4AF2-AE05-5EDC2218BE7D}
	EndGlobalSection
EndGlobal
